
Microsoft Visual Studio Solution File, Format Version 12.00
# Visual Studio Version 17
VisualStudioVersion = 17.11.35327.3
MinimumVisualStudioVersion = 10.0.40219.1
Project("{FAE04EC0-301F-11D3-BF4B-00C04F79EFBC}") = "XacThucNguoiDung", "XacThucNguoiDung\XacThucNguoiDung.csproj", "{40EE240B-CEA8-4E32-9393-5181CA6D26D9}"
EndProject
Project("{FAE04EC0-301F-11D3-BF4B-00C04F79EFBC}") = "QuanLyBaoCao", "QuanLyBaoCao\QuanLyBaoCao.csproj", "{6B018250-C976-441E-9E89-CF839112F539}"
EndProject
Project("{2150E333-8FDC-42A3-9474-1A3956D46DE8}") = "Solution Items", "Solution Items", "{927A51AD-77A2-46F1-8F15-E291B82E6636}"
	ProjectSection(SolutionItems) = preProject
		Connection.cs = Connection.cs
	EndProjectSection
EndProject
Global
	GlobalSection(SolutionConfigurationPlatforms) = preSolution
		Debug|Any CPU = Debug|Any CPU
		Release|Any CPU = Release|Any CPU
	EndGlobalSection
	GlobalSection(ProjectConfigurationPlatforms) = postSolution
		{40EE240B-CEA8-4E32-9393-5181CA6D26D9}.Debug|Any CPU.ActiveCfg = Debug|Any CPU
		{40EE240B-CEA8-4E32-9393-5181CA6D26D9}.Debug|Any CPU.Build.0 = Debug|Any CPU
		{40EE240B-CEA8-4E32-9393-5181CA6D26D9}.Release|Any CPU.ActiveCfg = Release|Any CPU
		{40EE240B-CEA8-4E32-9393-5181CA6D26D9}.Release|Any CPU.Build.0 = Release|Any CPU
		{6B018250-C976-441E-9E89-CF839112F539}.Debug|Any CPU.ActiveCfg = Debug|Any CPU
		{6B018250-C976-441E-9E89-CF839112F539}.Debug|Any CPU.Build.0 = Debug|Any CPU
		{6B018250-C976-441E-9E89-CF839112F539}.Release|Any CPU.ActiveCfg = Release|Any CPU
		{6B018250-C976-441E-9E89-CF839112F539}.Release|Any CPU.Build.0 = Release|Any CPU
	EndGlobalSection
	GlobalSection(SolutionProperties) = preSolution
		HideSolutionNode = FALSE
	EndGlobalSection
	GlobalSection(ExtensibilityGlobals) = postSolution
		SolutionGuid = {A20A6709-2E13-4A04-91CD-396CD0026E92}
	EndGlobalSection
EndGlobal
